
Microsoft Visual Studio Solution File, Format Version 11.00
# Visual Studio 2010
Project("{FAE04EC0-301F-11D3-BF4B-00C04F79EFBC}") = "Shell", "Shell\Shell.csproj", "{11C05EF0-C98D-4B94-9358-76DF753D57A3}"
EndProject
Project("{FAE04EC0-301F-11D3-BF4B-00C04F79EFBC}") = "Formular", "Formular\Formular.csproj", "{CA4509DC-5F43-4AE6-A698-D925835C3778}"
EndProject
Project("{FAE04EC0-301F-11D3-BF4B-00C04F79EFBC}") = "FormularFactory", "FormularFactory\FormularFactory.csproj", "{4A153FCB-9F25-4CD7-9D7F-2335C273F06E}"
EndProject
Project("{FAE04EC0-301F-11D3-BF4B-00C04F79EFBC}") = "FormularFactory.Tests", "FormularFactory.Tests\FormularFactory.Tests.csproj", "{31562D55-32A6-41E9-8472-F65DBF4EE518}"
EndProject
Global
	GlobalSection(SolutionConfigurationPlatforms) = preSolution
		Debug|Any CPU = Debug|Any CPU
		Debug|Mixed Platforms = Debug|Mixed Platforms
		Debug|x86 = Debug|x86
		Release|Any CPU = Release|Any CPU
		Release|Mixed Platforms = Release|Mixed Platforms
		Release|x86 = Release|x86
	EndGlobalSection
	GlobalSection(ProjectConfigurationPlatforms) = postSolution
		{11C05EF0-C98D-4B94-9358-76DF753D57A3}.Debug|Any CPU.ActiveCfg = Debug|x86
		{11C05EF0-C98D-4B94-9358-76DF753D57A3}.Debug|Mixed Platforms.ActiveCfg = Debug|x86
		{11C05EF0-C98D-4B94-9358-76DF753D57A3}.Debug|Mixed Platforms.Build.0 = Debug|x86
		{11C05EF0-C98D-4B94-9358-76DF753D57A3}.Debug|x86.ActiveCfg = Debug|x86
		{11C05EF0-C98D-4B94-9358-76DF753D57A3}.Debug|x86.Build.0 = Debug|x86
		{11C05EF0-C98D-4B94-9358-76DF753D57A3}.Release|Any CPU.ActiveCfg = Release|x86
		{11C05EF0-C98D-4B94-9358-76DF753D57A3}.Release|Mixed Platforms.ActiveCfg = Release|x86
		{11C05EF0-C98D-4B94-9358-76DF753D57A3}.Release|Mixed Platforms.Build.0 = Release|x86
		{11C05EF0-C98D-4B94-9358-76DF753D57A3}.Release|x86.ActiveCfg = Release|x86
		{11C05EF0-C98D-4B94-9358-76DF753D57A3}.Release|x86.Build.0 = Release|x86
		{CA4509DC-5F43-4AE6-A698-D925835C3778}.Debug|Any CPU.ActiveCfg = Debug|Any CPU
		{CA4509DC-5F43-4AE6-A698-D925835C3778}.Debug|Any CPU.Build.0 = Debug|Any CPU
		{CA4509DC-5F43-4AE6-A698-D925835C3778}.Debug|Mixed Platforms.ActiveCfg = Debug|Any CPU
		{CA4509DC-5F43-4AE6-A698-D925835C3778}.Debug|Mixed Platforms.Build.0 = Debug|Any CPU
		{CA4509DC-5F43-4AE6-A698-D925835C3778}.Debug|x86.ActiveCfg = Debug|Any CPU
		{CA4509DC-5F43-4AE6-A698-D925835C3778}.Release|Any CPU.ActiveCfg = Release|Any CPU
		{CA4509DC-5F43-4AE6-A698-D925835C3778}.Release|Any CPU.Build.0 = Release|Any CPU
		{CA4509DC-5F43-4AE6-A698-D925835C3778}.Release|Mixed Platforms.ActiveCfg = Release|Any CPU
		{CA4509DC-5F43-4AE6-A698-D925835C3778}.Release|Mixed Platforms.Build.0 = Release|Any CPU
		{CA4509DC-5F43-4AE6-A698-D925835C3778}.Release|x86.ActiveCfg = Release|Any CPU
		{4A153FCB-9F25-4CD7-9D7F-2335C273F06E}.Debug|Any CPU.ActiveCfg = Debug|Any CPU
		{4A153FCB-9F25-4CD7-9D7F-2335C273F06E}.Debug|Any CPU.Build.0 = Debug|Any CPU
		{4A153FCB-9F25-4CD7-9D7F-2335C273F06E}.Debug|Mixed Platforms.ActiveCfg = Debug|Any CPU
		{4A153FCB-9F25-4CD7-9D7F-2335C273F06E}.Debug|Mixed Platforms.Build.0 = Debug|Any CPU
		{4A153FCB-9F25-4CD7-9D7F-2335C273F06E}.Debug|x86.ActiveCfg = Debug|Any CPU
		{4A153FCB-9F25-4CD7-9D7F-2335C273F06E}.Release|Any CPU.ActiveCfg = Release|Any CPU
		{4A153FCB-9F25-4CD7-9D7F-2335C273F06E}.Release|Any CPU.Build.0 = Release|Any CPU
		{4A153FCB-9F25-4CD7-9D7F-2335C273F06E}.Release|Mixed Platforms.ActiveCfg = Release|Any CPU
		{4A153FCB-9F25-4CD7-9D7F-2335C273F06E}.Release|Mixed Platforms.Build.0 = Release|Any CPU
		{4A153FCB-9F25-4CD7-9D7F-2335C273F06E}.Release|x86.ActiveCfg = Release|Any CPU
		{31562D55-32A6-41E9-8472-F65DBF4EE518}.Debug|Any CPU.ActiveCfg = Debug|Any CPU
		{31562D55-32A6-41E9-8472-F65DBF4EE518}.Debug|Any CPU.Build.0 = Debug|Any CPU
		{31562D55-32A6-41E9-8472-F65DBF4EE518}.Debug|Mixed Platforms.ActiveCfg = Debug|Any CPU
		{31562D55-32A6-41E9-8472-F65DBF4EE518}.Debug|Mixed Platforms.Build.0 = Debug|Any CPU
		{31562D55-32A6-41E9-8472-F65DBF4EE518}.Debug|x86.ActiveCfg = Debug|Any CPU
		{31562D55-32A6-41E9-8472-F65DBF4EE518}.Release|Any CPU.ActiveCfg = Release|Any CPU
		{31562D55-32A6-41E9-8472-F65DBF4EE518}.Release|Any CPU.Build.0 = Release|Any CPU
		{31562D55-32A6-41E9-8472-F65DBF4EE518}.Release|Mixed Platforms.ActiveCfg = Release|Any CPU
		{31562D55-32A6-41E9-8472-F65DBF4EE518}.Release|Mixed Platforms.Build.0 = Release|Any CPU
		{31562D55-32A6-41E9-8472-F65DBF4EE518}.Release|x86.ActiveCfg = Release|Any CPU
	EndGlobalSection
	GlobalSection(SolutionProperties) = preSolution
		HideSolutionNode = FALSE
	EndGlobalSection
EndGlobal
