
Microsoft Visual Studio Solution File, Format Version 11.00
# Visual Studio 2010
Project("{FAE04EC0-301F-11D3-BF4B-00C04F79EFBC}") = "Shell", "Shell\Shell.csproj", "{54EB0DAE-F3A9-4A92-9E29-CFDF4F6A29A4}"
EndProject
Project("{FAE04EC0-301F-11D3-BF4B-00C04F79EFBC}") = "FormularFactory", "FormularFactory\FormularFactory.csproj", "{F852AD80-67F7-4C18-B32E-C173A321B93F}"
EndProject
Project("{FAE04EC0-301F-11D3-BF4B-00C04F79EFBC}") = "Formular", "Formular\Formular.csproj", "{4AA69615-D211-4180-BAD2-6ABEA4CC3EC0}"
EndProject
Project("{FAE04EC0-301F-11D3-BF4B-00C04F79EFBC}") = "FormularFactory.Test", "FormularFactory.Test\FormularFactory.Test.csproj", "{217B0C44-0FD3-47DE-84B8-EC44C3171EB3}"
EndProject
Project("{FAE04EC0-301F-11D3-BF4B-00C04F79EFBC}") = "Formular.Test", "Formular.Test\Formular.Test.csproj", "{A74622E7-CADF-4CFB-A57A-D9BF18363A84}"
EndProject
Global
	GlobalSection(SolutionConfigurationPlatforms) = preSolution
		Debug|Any CPU = Debug|Any CPU
		Debug|Mixed Platforms = Debug|Mixed Platforms
		Debug|x86 = Debug|x86
		Release|Any CPU = Release|Any CPU
		Release|Mixed Platforms = Release|Mixed Platforms
		Release|x86 = Release|x86
	EndGlobalSection
	GlobalSection(ProjectConfigurationPlatforms) = postSolution
		{54EB0DAE-F3A9-4A92-9E29-CFDF4F6A29A4}.Debug|Any CPU.ActiveCfg = Debug|x86
		{54EB0DAE-F3A9-4A92-9E29-CFDF4F6A29A4}.Debug|Mixed Platforms.ActiveCfg = Debug|x86
		{54EB0DAE-F3A9-4A92-9E29-CFDF4F6A29A4}.Debug|Mixed Platforms.Build.0 = Debug|x86
		{54EB0DAE-F3A9-4A92-9E29-CFDF4F6A29A4}.Debug|x86.ActiveCfg = Debug|x86
		{54EB0DAE-F3A9-4A92-9E29-CFDF4F6A29A4}.Debug|x86.Build.0 = Debug|x86
		{54EB0DAE-F3A9-4A92-9E29-CFDF4F6A29A4}.Release|Any CPU.ActiveCfg = Release|x86
		{54EB0DAE-F3A9-4A92-9E29-CFDF4F6A29A4}.Release|Mixed Platforms.ActiveCfg = Release|x86
		{54EB0DAE-F3A9-4A92-9E29-CFDF4F6A29A4}.Release|Mixed Platforms.Build.0 = Release|x86
		{54EB0DAE-F3A9-4A92-9E29-CFDF4F6A29A4}.Release|x86.ActiveCfg = Release|x86
		{54EB0DAE-F3A9-4A92-9E29-CFDF4F6A29A4}.Release|x86.Build.0 = Release|x86
		{F852AD80-67F7-4C18-B32E-C173A321B93F}.Debug|Any CPU.ActiveCfg = Debug|Any CPU
		{F852AD80-67F7-4C18-B32E-C173A321B93F}.Debug|Any CPU.Build.0 = Debug|Any CPU
		{F852AD80-67F7-4C18-B32E-C173A321B93F}.Debug|Mixed Platforms.ActiveCfg = Debug|Any CPU
		{F852AD80-67F7-4C18-B32E-C173A321B93F}.Debug|Mixed Platforms.Build.0 = Debug|Any CPU
		{F852AD80-67F7-4C18-B32E-C173A321B93F}.Debug|x86.ActiveCfg = Debug|Any CPU
		{F852AD80-67F7-4C18-B32E-C173A321B93F}.Release|Any CPU.ActiveCfg = Release|Any CPU
		{F852AD80-67F7-4C18-B32E-C173A321B93F}.Release|Any CPU.Build.0 = Release|Any CPU
		{F852AD80-67F7-4C18-B32E-C173A321B93F}.Release|Mixed Platforms.ActiveCfg = Release|Any CPU
		{F852AD80-67F7-4C18-B32E-C173A321B93F}.Release|Mixed Platforms.Build.0 = Release|Any CPU
		{F852AD80-67F7-4C18-B32E-C173A321B93F}.Release|x86.ActiveCfg = Release|Any CPU
		{4AA69615-D211-4180-BAD2-6ABEA4CC3EC0}.Debug|Any CPU.ActiveCfg = Debug|Any CPU
		{4AA69615-D211-4180-BAD2-6ABEA4CC3EC0}.Debug|Any CPU.Build.0 = Debug|Any CPU
		{4AA69615-D211-4180-BAD2-6ABEA4CC3EC0}.Debug|Mixed Platforms.ActiveCfg = Debug|Any CPU
		{4AA69615-D211-4180-BAD2-6ABEA4CC3EC0}.Debug|Mixed Platforms.Build.0 = Debug|Any CPU
		{4AA69615-D211-4180-BAD2-6ABEA4CC3EC0}.Debug|x86.ActiveCfg = Debug|Any CPU
		{4AA69615-D211-4180-BAD2-6ABEA4CC3EC0}.Release|Any CPU.ActiveCfg = Release|Any CPU
		{4AA69615-D211-4180-BAD2-6ABEA4CC3EC0}.Release|Any CPU.Build.0 = Release|Any CPU
		{4AA69615-D211-4180-BAD2-6ABEA4CC3EC0}.Release|Mixed Platforms.ActiveCfg = Release|Any CPU
		{4AA69615-D211-4180-BAD2-6ABEA4CC3EC0}.Release|Mixed Platforms.Build.0 = Release|Any CPU
		{4AA69615-D211-4180-BAD2-6ABEA4CC3EC0}.Release|x86.ActiveCfg = Release|Any CPU
		{217B0C44-0FD3-47DE-84B8-EC44C3171EB3}.Debug|Any CPU.ActiveCfg = Debug|Any CPU
		{217B0C44-0FD3-47DE-84B8-EC44C3171EB3}.Debug|Any CPU.Build.0 = Debug|Any CPU
		{217B0C44-0FD3-47DE-84B8-EC44C3171EB3}.Debug|Mixed Platforms.ActiveCfg = Debug|Any CPU
		{217B0C44-0FD3-47DE-84B8-EC44C3171EB3}.Debug|Mixed Platforms.Build.0 = Debug|Any CPU
		{217B0C44-0FD3-47DE-84B8-EC44C3171EB3}.Debug|x86.ActiveCfg = Debug|Any CPU
		{217B0C44-0FD3-47DE-84B8-EC44C3171EB3}.Release|Any CPU.ActiveCfg = Release|Any CPU
		{217B0C44-0FD3-47DE-84B8-EC44C3171EB3}.Release|Any CPU.Build.0 = Release|Any CPU
		{217B0C44-0FD3-47DE-84B8-EC44C3171EB3}.Release|Mixed Platforms.ActiveCfg = Release|Any CPU
		{217B0C44-0FD3-47DE-84B8-EC44C3171EB3}.Release|Mixed Platforms.Build.0 = Release|Any CPU
		{217B0C44-0FD3-47DE-84B8-EC44C3171EB3}.Release|x86.ActiveCfg = Release|Any CPU
		{A74622E7-CADF-4CFB-A57A-D9BF18363A84}.Debug|Any CPU.ActiveCfg = Debug|Any CPU
		{A74622E7-CADF-4CFB-A57A-D9BF18363A84}.Debug|Any CPU.Build.0 = Debug|Any CPU
		{A74622E7-CADF-4CFB-A57A-D9BF18363A84}.Debug|Mixed Platforms.ActiveCfg = Debug|Any CPU
		{A74622E7-CADF-4CFB-A57A-D9BF18363A84}.Debug|Mixed Platforms.Build.0 = Debug|Any CPU
		{A74622E7-CADF-4CFB-A57A-D9BF18363A84}.Debug|x86.ActiveCfg = Debug|Any CPU
		{A74622E7-CADF-4CFB-A57A-D9BF18363A84}.Release|Any CPU.ActiveCfg = Release|Any CPU
		{A74622E7-CADF-4CFB-A57A-D9BF18363A84}.Release|Any CPU.Build.0 = Release|Any CPU
		{A74622E7-CADF-4CFB-A57A-D9BF18363A84}.Release|Mixed Platforms.ActiveCfg = Release|Any CPU
		{A74622E7-CADF-4CFB-A57A-D9BF18363A84}.Release|Mixed Platforms.Build.0 = Release|Any CPU
		{A74622E7-CADF-4CFB-A57A-D9BF18363A84}.Release|x86.ActiveCfg = Release|Any CPU
	EndGlobalSection
	GlobalSection(SolutionProperties) = preSolution
		HideSolutionNode = FALSE
	EndGlobalSection
EndGlobal
