
Microsoft Visual Studio Solution File, Format Version 11.00
# Visual Studio 2010
Project("{FAE04EC0-301F-11D3-BF4B-00C04F79EFBC}") = "Shell", "Shell\Shell.csproj", "{D599837C-D5D6-43A9-8640-892A1C47113D}"
EndProject
Project("{FAE04EC0-301F-11D3-BF4B-00C04F79EFBC}") = "Formular", "Formular\Formular.csproj", "{A57BF2AB-BEE6-4C20-BA68-E781447788F6}"
EndProject
Project("{FAE04EC0-301F-11D3-BF4B-00C04F79EFBC}") = "Formular.Tests", "Formular.Tests\Formular.Tests.csproj", "{B31934D7-CEDC-4C3A-A1CE-DC6F331141EA}"
EndProject
Global
	GlobalSection(SolutionConfigurationPlatforms) = preSolution
		Debug|Any CPU = Debug|Any CPU
		Debug|Mixed Platforms = Debug|Mixed Platforms
		Debug|x86 = Debug|x86
		Release|Any CPU = Release|Any CPU
		Release|Mixed Platforms = Release|Mixed Platforms
		Release|x86 = Release|x86
	EndGlobalSection
	GlobalSection(ProjectConfigurationPlatforms) = postSolution
		{D599837C-D5D6-43A9-8640-892A1C47113D}.Debug|Any CPU.ActiveCfg = Debug|x86
		{D599837C-D5D6-43A9-8640-892A1C47113D}.Debug|Mixed Platforms.ActiveCfg = Debug|x86
		{D599837C-D5D6-43A9-8640-892A1C47113D}.Debug|Mixed Platforms.Build.0 = Debug|x86
		{D599837C-D5D6-43A9-8640-892A1C47113D}.Debug|x86.ActiveCfg = Debug|x86
		{D599837C-D5D6-43A9-8640-892A1C47113D}.Debug|x86.Build.0 = Debug|x86
		{D599837C-D5D6-43A9-8640-892A1C47113D}.Release|Any CPU.ActiveCfg = Release|x86
		{D599837C-D5D6-43A9-8640-892A1C47113D}.Release|Mixed Platforms.ActiveCfg = Release|x86
		{D599837C-D5D6-43A9-8640-892A1C47113D}.Release|Mixed Platforms.Build.0 = Release|x86
		{D599837C-D5D6-43A9-8640-892A1C47113D}.Release|x86.ActiveCfg = Release|x86
		{D599837C-D5D6-43A9-8640-892A1C47113D}.Release|x86.Build.0 = Release|x86
		{A57BF2AB-BEE6-4C20-BA68-E781447788F6}.Debug|Any CPU.ActiveCfg = Debug|Any CPU
		{A57BF2AB-BEE6-4C20-BA68-E781447788F6}.Debug|Any CPU.Build.0 = Debug|Any CPU
		{A57BF2AB-BEE6-4C20-BA68-E781447788F6}.Debug|Mixed Platforms.ActiveCfg = Debug|Any CPU
		{A57BF2AB-BEE6-4C20-BA68-E781447788F6}.Debug|Mixed Platforms.Build.0 = Debug|Any CPU
		{A57BF2AB-BEE6-4C20-BA68-E781447788F6}.Debug|x86.ActiveCfg = Debug|Any CPU
		{A57BF2AB-BEE6-4C20-BA68-E781447788F6}.Release|Any CPU.ActiveCfg = Release|Any CPU
		{A57BF2AB-BEE6-4C20-BA68-E781447788F6}.Release|Any CPU.Build.0 = Release|Any CPU
		{A57BF2AB-BEE6-4C20-BA68-E781447788F6}.Release|Mixed Platforms.ActiveCfg = Release|Any CPU
		{A57BF2AB-BEE6-4C20-BA68-E781447788F6}.Release|Mixed Platforms.Build.0 = Release|Any CPU
		{A57BF2AB-BEE6-4C20-BA68-E781447788F6}.Release|x86.ActiveCfg = Release|Any CPU
		{B31934D7-CEDC-4C3A-A1CE-DC6F331141EA}.Debug|Any CPU.ActiveCfg = Debug|Any CPU
		{B31934D7-CEDC-4C3A-A1CE-DC6F331141EA}.Debug|Any CPU.Build.0 = Debug|Any CPU
		{B31934D7-CEDC-4C3A-A1CE-DC6F331141EA}.Debug|Mixed Platforms.ActiveCfg = Debug|Any CPU
		{B31934D7-CEDC-4C3A-A1CE-DC6F331141EA}.Debug|Mixed Platforms.Build.0 = Debug|Any CPU
		{B31934D7-CEDC-4C3A-A1CE-DC6F331141EA}.Debug|x86.ActiveCfg = Debug|Any CPU
		{B31934D7-CEDC-4C3A-A1CE-DC6F331141EA}.Release|Any CPU.ActiveCfg = Release|Any CPU
		{B31934D7-CEDC-4C3A-A1CE-DC6F331141EA}.Release|Any CPU.Build.0 = Release|Any CPU
		{B31934D7-CEDC-4C3A-A1CE-DC6F331141EA}.Release|Mixed Platforms.ActiveCfg = Release|Any CPU
		{B31934D7-CEDC-4C3A-A1CE-DC6F331141EA}.Release|Mixed Platforms.Build.0 = Release|Any CPU
		{B31934D7-CEDC-4C3A-A1CE-DC6F331141EA}.Release|x86.ActiveCfg = Release|Any CPU
	EndGlobalSection
	GlobalSection(SolutionProperties) = preSolution
		HideSolutionNode = FALSE
	EndGlobalSection
EndGlobal
